
Microsoft Visual Studio Solution File, Format Version 12.00
# Visual Studio Version 16
VisualStudioVersion = 16.0.30717.126
MinimumVisualStudioVersion = 10.0.40219.1
Project("{2150E333-8FDC-42A3-9474-1A3956D46DE8}") = "MicroServices", "MicroServices", "{8DABE314-0676-4FAB-A5F9-31B63CAC4A69}"
EndProject
Project("{2150E333-8FDC-42A3-9474-1A3956D46DE8}") = "Domain", "Domain", "{2E75067E-8455-4FD8-B46A-55EDDFECB1BF}"
EndProject
Project("{2150E333-8FDC-42A3-9474-1A3956D46DE8}") = "Infras.Bus", "Infras.Bus", "{CD0A2868-4B25-4279-A1A8-F5203BCFE14C}"
EndProject
Project("{2150E333-8FDC-42A3-9474-1A3956D46DE8}") = "Infra.IoC", "Infra.IoC", "{0087BC86-DDD9-470B-95ED-54EA453996D9}"
EndProject
Project("{2150E333-8FDC-42A3-9474-1A3956D46DE8}") = "Presentation", "Presentation", "{FD449B10-E8FA-4DDB-8951-EAC3D175ECD8}"
EndProject
Project("{9A19103F-16F7-4668-BE54-9A1E7A4F7556}") = "MicroRabbit.Domain.Core", "MicroRabbit.Domain.Core\MicroRabbit.Domain.Core.csproj", "{4D56C551-03B1-48BB-BF53-7FF43D5BC79C}"
EndProject
Project("{9A19103F-16F7-4668-BE54-9A1E7A4F7556}") = "MicroRabbit.Infra.Bus", "MicroRabbot.Infra.Bus\MicroRabbit.Infra.Bus.csproj", "{F3DD08B8-C2BE-4852-8C62-D6695C424A7A}"
EndProject
Project("{FAE04EC0-301F-11D3-BF4B-00C04F79EFBC}") = "MicroRabbit.Infra.IoC", "MicroRabbit.Infra.IoC\MicroRabbit.Infra.IoC.csproj", "{FEEC937A-6E11-454D-A6AC-1D55C53492F8}"
EndProject
Project("{2150E333-8FDC-42A3-9474-1A3956D46DE8}") = "Banking", "Banking", "{F932B649-5314-4E85-B1BD-EFB8BA698463}"
EndProject
Project("{2150E333-8FDC-42A3-9474-1A3956D46DE8}") = "Api", "Api", "{3EB43AA2-06BB-43AF-9D84-AB3737EE65B7}"
EndProject
Project("{2150E333-8FDC-42A3-9474-1A3956D46DE8}") = "Domain", "Domain", "{9B0BF3E8-296D-48B8-9B68-41455C971F65}"
EndProject
Project("{2150E333-8FDC-42A3-9474-1A3956D46DE8}") = "Application", "Application", "{EF9167AD-7181-487C-8FAF-B3834FE71337}"
EndProject
Project("{2150E333-8FDC-42A3-9474-1A3956D46DE8}") = "Data", "Data", "{6FA4FC28-A8E7-4724-9ED3-E8D52A5AFB4B}"
EndProject
Project("{FAE04EC0-301F-11D3-BF4B-00C04F79EFBC}") = "MicroRabbit.Banking.Api", "MicroRabbit.Banking.Api\MicroRabbit.Banking.Api.csproj", "{F34B565D-C20F-4511-8329-3855EA0F8F27}"
EndProject
Project("{FAE04EC0-301F-11D3-BF4B-00C04F79EFBC}") = "MicroRabbit.Banking.Application", "MicroRabbit.Banking.Application\MicroRabbit.Banking.Application.csproj", "{FF07B0DF-94FE-4CBE-A50A-D107B9A078E5}"
EndProject
Project("{FAE04EC0-301F-11D3-BF4B-00C04F79EFBC}") = "MicroRabbit.Banking.Data", "MicroRabbit.Banking.Data\MicroRabbit.Banking.Data.csproj", "{C674A93D-C8C2-434B-823C-9BD95CC276EE}"
EndProject
Project("{FAE04EC0-301F-11D3-BF4B-00C04F79EFBC}") = "MicroRabbit.Banking.Domain", "MicroRabbit.Banking.Domain\MicroRabbit.Banking.Domain.csproj", "{841A85D8-9A9F-4299-9B7A-CB631BC3B565}"
EndProject
Global
	GlobalSection(SolutionConfigurationPlatforms) = preSolution
		Debug|Any CPU = Debug|Any CPU
		Release|Any CPU = Release|Any CPU
	EndGlobalSection
	GlobalSection(ProjectConfigurationPlatforms) = postSolution
		{4D56C551-03B1-48BB-BF53-7FF43D5BC79C}.Debug|Any CPU.ActiveCfg = Debug|Any CPU
		{4D56C551-03B1-48BB-BF53-7FF43D5BC79C}.Debug|Any CPU.Build.0 = Debug|Any CPU
		{4D56C551-03B1-48BB-BF53-7FF43D5BC79C}.Release|Any CPU.ActiveCfg = Release|Any CPU
		{4D56C551-03B1-48BB-BF53-7FF43D5BC79C}.Release|Any CPU.Build.0 = Release|Any CPU
		{F3DD08B8-C2BE-4852-8C62-D6695C424A7A}.Debug|Any CPU.ActiveCfg = Debug|Any CPU
		{F3DD08B8-C2BE-4852-8C62-D6695C424A7A}.Debug|Any CPU.Build.0 = Debug|Any CPU
		{F3DD08B8-C2BE-4852-8C62-D6695C424A7A}.Release|Any CPU.ActiveCfg = Release|Any CPU
		{F3DD08B8-C2BE-4852-8C62-D6695C424A7A}.Release|Any CPU.Build.0 = Release|Any CPU
		{FEEC937A-6E11-454D-A6AC-1D55C53492F8}.Debug|Any CPU.ActiveCfg = Debug|Any CPU
		{FEEC937A-6E11-454D-A6AC-1D55C53492F8}.Debug|Any CPU.Build.0 = Debug|Any CPU
		{FEEC937A-6E11-454D-A6AC-1D55C53492F8}.Release|Any CPU.ActiveCfg = Release|Any CPU
		{FEEC937A-6E11-454D-A6AC-1D55C53492F8}.Release|Any CPU.Build.0 = Release|Any CPU
		{F34B565D-C20F-4511-8329-3855EA0F8F27}.Debug|Any CPU.ActiveCfg = Debug|Any CPU
		{F34B565D-C20F-4511-8329-3855EA0F8F27}.Debug|Any CPU.Build.0 = Debug|Any CPU
		{F34B565D-C20F-4511-8329-3855EA0F8F27}.Release|Any CPU.ActiveCfg = Release|Any CPU
		{F34B565D-C20F-4511-8329-3855EA0F8F27}.Release|Any CPU.Build.0 = Release|Any CPU
		{FF07B0DF-94FE-4CBE-A50A-D107B9A078E5}.Debug|Any CPU.ActiveCfg = Debug|Any CPU
		{FF07B0DF-94FE-4CBE-A50A-D107B9A078E5}.Debug|Any CPU.Build.0 = Debug|Any CPU
		{FF07B0DF-94FE-4CBE-A50A-D107B9A078E5}.Release|Any CPU.ActiveCfg = Release|Any CPU
		{FF07B0DF-94FE-4CBE-A50A-D107B9A078E5}.Release|Any CPU.Build.0 = Release|Any CPU
		{C674A93D-C8C2-434B-823C-9BD95CC276EE}.Debug|Any CPU.ActiveCfg = Debug|Any CPU
		{C674A93D-C8C2-434B-823C-9BD95CC276EE}.Debug|Any CPU.Build.0 = Debug|Any CPU
		{C674A93D-C8C2-434B-823C-9BD95CC276EE}.Release|Any CPU.ActiveCfg = Release|Any CPU
		{C674A93D-C8C2-434B-823C-9BD95CC276EE}.Release|Any CPU.Build.0 = Release|Any CPU
		{841A85D8-9A9F-4299-9B7A-CB631BC3B565}.Debug|Any CPU.ActiveCfg = Debug|Any CPU
		{841A85D8-9A9F-4299-9B7A-CB631BC3B565}.Debug|Any CPU.Build.0 = Debug|Any CPU
		{841A85D8-9A9F-4299-9B7A-CB631BC3B565}.Release|Any CPU.ActiveCfg = Release|Any CPU
		{841A85D8-9A9F-4299-9B7A-CB631BC3B565}.Release|Any CPU.Build.0 = Release|Any CPU
	EndGlobalSection
	GlobalSection(SolutionProperties) = preSolution
		HideSolutionNode = FALSE
	EndGlobalSection
	GlobalSection(NestedProjects) = preSolution
		{4D56C551-03B1-48BB-BF53-7FF43D5BC79C} = {2E75067E-8455-4FD8-B46A-55EDDFECB1BF}
		{F3DD08B8-C2BE-4852-8C62-D6695C424A7A} = {CD0A2868-4B25-4279-A1A8-F5203BCFE14C}
		{FEEC937A-6E11-454D-A6AC-1D55C53492F8} = {0087BC86-DDD9-470B-95ED-54EA453996D9}
		{F932B649-5314-4E85-B1BD-EFB8BA698463} = {8DABE314-0676-4FAB-A5F9-31B63CAC4A69}
		{3EB43AA2-06BB-43AF-9D84-AB3737EE65B7} = {F932B649-5314-4E85-B1BD-EFB8BA698463}
		{9B0BF3E8-296D-48B8-9B68-41455C971F65} = {F932B649-5314-4E85-B1BD-EFB8BA698463}
		{EF9167AD-7181-487C-8FAF-B3834FE71337} = {F932B649-5314-4E85-B1BD-EFB8BA698463}
		{6FA4FC28-A8E7-4724-9ED3-E8D52A5AFB4B} = {F932B649-5314-4E85-B1BD-EFB8BA698463}
		{F34B565D-C20F-4511-8329-3855EA0F8F27} = {3EB43AA2-06BB-43AF-9D84-AB3737EE65B7}
		{FF07B0DF-94FE-4CBE-A50A-D107B9A078E5} = {EF9167AD-7181-487C-8FAF-B3834FE71337}
		{C674A93D-C8C2-434B-823C-9BD95CC276EE} = {6FA4FC28-A8E7-4724-9ED3-E8D52A5AFB4B}
		{841A85D8-9A9F-4299-9B7A-CB631BC3B565} = {9B0BF3E8-296D-48B8-9B68-41455C971F65}
	EndGlobalSection
	GlobalSection(ExtensibilityGlobals) = postSolution
		SolutionGuid = {9E2CAD03-DDAC-491D-AE4C-7FB70C00CFD0}
	EndGlobalSection
EndGlobal
